
Microsoft Visual Studio Solution File, Format Version 12.00
# Visual Studio Version 17
VisualStudioVersion = 17.3.32901.215
MinimumVisualStudioVersion = 10.0.40219.1
Project("{9A19103F-16F7-4668-BE54-9A1E7A4F7556}") = "AndradeShop.Core.Application", "AndradeShop.Core.Application\AndradeShop.Core.Application.csproj", "{D1B7EF91-8DFB-4A84-9683-28AF618EF6F3}"
EndProject
Project("{9A19103F-16F7-4668-BE54-9A1E7A4F7556}") = "AndradeShop.Core.Domain", "AndradeShop.Core.Domain\AndradeShop.Core.Domain.csproj", "{04449BA5-D253-4349-BF87-71B9533C0789}"
EndProject
Project("{2150E333-8FDC-42A3-9474-1A3956D46DE8}") = "1 - Core", "1 - Core", "{F483C13B-D694-4B8B-B65C-4ACC1C55D8E3}"
EndProject
Project("{2150E333-8FDC-42A3-9474-1A3956D46DE8}") = "1 Domain", "1 Domain", "{2FB75712-9D60-4139-B36F-317A2A065E43}"
EndProject
Project("{2150E333-8FDC-42A3-9474-1A3956D46DE8}") = "2 Application", "2 Application", "{46859A8F-F001-48CC-AE34-AF9A06D9A867}"
EndProject
Project("{2150E333-8FDC-42A3-9474-1A3956D46DE8}") = "3 Infrastructure", "3 Infrastructure", "{06DE98B9-8E9D-419A-8174-31AB9010A22C}"
EndProject
Project("{2150E333-8FDC-42A3-9474-1A3956D46DE8}") = "1.3.1 In", "1.3.1 In", "{8517279B-C059-44EA-81DC-74E977394CB8}"
EndProject
Project("{2150E333-8FDC-42A3-9474-1A3956D46DE8}") = "1.3.2 Out", "1.3.2 Out", "{86B38714-E6D9-45BB-B877-4FE2F9A85690}"
EndProject
Project("{2150E333-8FDC-42A3-9474-1A3956D46DE8}") = "Tests", "Tests", "{352A3BB2-D1AB-48AD-97A8-E86E87440CBB}"
EndProject
Project("{2150E333-8FDC-42A3-9474-1A3956D46DE8}") = "2 - BackOffice", "2 - BackOffice", "{379D7EF6-714A-42D0-B678-98FAA2053C11}"
EndProject
Project("{2150E333-8FDC-42A3-9474-1A3956D46DE8}") = "1 Domain", "1 Domain", "{1AED1FC4-59CD-4E01-B326-7B798207B876}"
EndProject
Project("{2150E333-8FDC-42A3-9474-1A3956D46DE8}") = "2 Appication", "2 Appication", "{CDB3933C-C703-4466-95B6-71A1E669B4DC}"
EndProject
Project("{2150E333-8FDC-42A3-9474-1A3956D46DE8}") = "3 Infrastructure", "3 Infrastructure", "{E70B4BE3-48D1-4289-B67D-478885D8BF01}"
EndProject
Project("{2150E333-8FDC-42A3-9474-1A3956D46DE8}") = "In", "In", "{C9F12410-408C-42E8-8E4B-92F4B37C57A5}"
EndProject
Project("{2150E333-8FDC-42A3-9474-1A3956D46DE8}") = "Out", "Out", "{3003F4B4-9A78-4588-9CA4-FB9360572513}"
EndProject
Project("{2150E333-8FDC-42A3-9474-1A3956D46DE8}") = "Tests", "Tests", "{D17574C8-5F29-4D3E-8440-7C8233916DF3}"
EndProject
Project("{9A19103F-16F7-4668-BE54-9A1E7A4F7556}") = "AndradeShop.BackOffice.Infrastructure.Tests.Integration", "AndradeShop.BackOffice.Infrastructure.Tests.Integration\AndradeShop.BackOffice.Infrastructure.Tests.Integration.csproj", "{F864E418-C8EA-4CBD-BC50-D47980B5379D}"
EndProject
Project("{9A19103F-16F7-4668-BE54-9A1E7A4F7556}") = "AndradeShop.BackOffice.Infrastructure.Tests.Unit", "AndradeShop.BackOffice.Infrastructure.Tests.Unit\AndradeShop.BackOffice.Infrastructure.Tests.Unit.csproj", "{63D9B33F-C1D1-4E74-8628-C25DF2366F5C}"
EndProject
Project("{9A19103F-16F7-4668-BE54-9A1E7A4F7556}") = "AndradeShop.BackOffice.Infrastructure.CrossCutting", "AndradeShop.BackOffice.Infrastructure.CrossCutting\AndradeShop.BackOffice.Infrastructure.CrossCutting.csproj", "{0297F111-10AF-4863-AB3F-630D91FE8B1A}"
EndProject
Project("{9A19103F-16F7-4668-BE54-9A1E7A4F7556}") = "AndradeShop.BackOffice.Infrastructure.Out.Kafka", "AndradeShop.BackOffice.Infrastructure.Out.Kafta\AndradeShop.BackOffice.Infrastructure.Out.Kafka.csproj", "{728EE938-9C7B-4A95-83AD-544688DC5712}"
EndProject
Project("{9A19103F-16F7-4668-BE54-9A1E7A4F7556}") = "AndradeShop.Core.Infrastructure.Out.Kafka", "AndradeShop.Core.Infrastructure.Out.Kafta\AndradeShop.Core.Infrastructure.Out.Kafka.csproj", "{4D1EC2EB-C6F7-42AB-AC9F-5C60EC7E1001}"
EndProject
Project("{9A19103F-16F7-4668-BE54-9A1E7A4F7556}") = "AndradeShop.Core.Application.Tests.Integration", "AndradeShop.Core.Application.Tests.Integration\AndradeShop.Core.Application.Tests.Integration.csproj", "{27F6CCE2-563B-4BB3-B708-1B8F35E94E5A}"
EndProject
Project("{9A19103F-16F7-4668-BE54-9A1E7A4F7556}") = "AndradeShop.Core.Domain.Tests.Unit", "AndradeShop.Core.Domain.Tests.Unit\AndradeShop.Core.Domain.Tests.Unit.csproj", "{7970D87C-0EC0-4C78-AD34-0A38243CDE7B}"
EndProject
Project("{9A19103F-16F7-4668-BE54-9A1E7A4F7556}") = "AndradeShop.Core.Infrastructure.Out.DbAccess", "AndradeShop.Core.Infrastructure.Out.DbAccess\AndradeShop.Core.Infrastructure.Out.DbAccess.csproj", "{6D3AA6B3-4183-482C-B009-F1F5E1655734}"
EndProject
Project("{9A19103F-16F7-4668-BE54-9A1E7A4F7556}") = "AndradeShop.BackOffice.Domain", "AndradeShop.BackOffice.Domain\AndradeShop.BackOffice.Domain.csproj", "{94D1B670-D3F5-4608-80AA-27F30F706100}"
EndProject
Project("{9A19103F-16F7-4668-BE54-9A1E7A4F7556}") = "AndradeShop.BackOffice.Application", "AndradeShop.BackOffice.Application\AndradeShop.BackOffice.Application.csproj", "{E2352D12-0103-4B62-9A1B-D33C519E357A}"
EndProject
Project("{9A19103F-16F7-4668-BE54-9A1E7A4F7556}") = "AndradeShop.Core.Infrastructure.In.Http", "AndradeShop.Core.Infrastructure.In.Http\AndradeShop.Core.Infrastructure.In.Http.csproj", "{9F6F3517-F02B-4435-B5C7-565683351039}"
EndProject
Project("{9A19103F-16F7-4668-BE54-9A1E7A4F7556}") = "AndradeShop.BackOffice.Infrastructure.In.Http", "AndradeShop.BackOffice.Infrastructure.In.Http\AndradeShop.BackOffice.Infrastructure.In.Http.csproj", "{83422E60-5CAD-408B-827A-6309264BED1A}"
EndProject
Project("{9A19103F-16F7-4668-BE54-9A1E7A4F7556}") = "AndradeShop.BackOffice.Infrastructure.Out.DbAccess", "AndradeShop.BackOffice.Infrastructure.Out.DbAccess\AndradeShop.BackOffice.Infrastructure.Out.DbAccess.csproj", "{5FA31098-9203-446F-81EA-54C36F14552F}"
EndProject
Global
	GlobalSection(SolutionConfigurationPlatforms) = preSolution
		Debug|Any CPU = Debug|Any CPU
		Release|Any CPU = Release|Any CPU
	EndGlobalSection
	GlobalSection(ProjectConfigurationPlatforms) = postSolution
		{D1B7EF91-8DFB-4A84-9683-28AF618EF6F3}.Debug|Any CPU.ActiveCfg = Debug|Any CPU
		{D1B7EF91-8DFB-4A84-9683-28AF618EF6F3}.Debug|Any CPU.Build.0 = Debug|Any CPU
		{D1B7EF91-8DFB-4A84-9683-28AF618EF6F3}.Release|Any CPU.ActiveCfg = Release|Any CPU
		{D1B7EF91-8DFB-4A84-9683-28AF618EF6F3}.Release|Any CPU.Build.0 = Release|Any CPU
		{04449BA5-D253-4349-BF87-71B9533C0789}.Debug|Any CPU.ActiveCfg = Debug|Any CPU
		{04449BA5-D253-4349-BF87-71B9533C0789}.Debug|Any CPU.Build.0 = Debug|Any CPU
		{04449BA5-D253-4349-BF87-71B9533C0789}.Release|Any CPU.ActiveCfg = Release|Any CPU
		{04449BA5-D253-4349-BF87-71B9533C0789}.Release|Any CPU.Build.0 = Release|Any CPU
		{F864E418-C8EA-4CBD-BC50-D47980B5379D}.Debug|Any CPU.ActiveCfg = Debug|Any CPU
		{F864E418-C8EA-4CBD-BC50-D47980B5379D}.Debug|Any CPU.Build.0 = Debug|Any CPU
		{F864E418-C8EA-4CBD-BC50-D47980B5379D}.Release|Any CPU.ActiveCfg = Release|Any CPU
		{F864E418-C8EA-4CBD-BC50-D47980B5379D}.Release|Any CPU.Build.0 = Release|Any CPU
		{63D9B33F-C1D1-4E74-8628-C25DF2366F5C}.Debug|Any CPU.ActiveCfg = Debug|Any CPU
		{63D9B33F-C1D1-4E74-8628-C25DF2366F5C}.Debug|Any CPU.Build.0 = Debug|Any CPU
		{63D9B33F-C1D1-4E74-8628-C25DF2366F5C}.Release|Any CPU.ActiveCfg = Release|Any CPU
		{63D9B33F-C1D1-4E74-8628-C25DF2366F5C}.Release|Any CPU.Build.0 = Release|Any CPU
		{0297F111-10AF-4863-AB3F-630D91FE8B1A}.Debug|Any CPU.ActiveCfg = Debug|Any CPU
		{0297F111-10AF-4863-AB3F-630D91FE8B1A}.Debug|Any CPU.Build.0 = Debug|Any CPU
		{0297F111-10AF-4863-AB3F-630D91FE8B1A}.Release|Any CPU.ActiveCfg = Release|Any CPU
		{0297F111-10AF-4863-AB3F-630D91FE8B1A}.Release|Any CPU.Build.0 = Release|Any CPU
		{728EE938-9C7B-4A95-83AD-544688DC5712}.Debug|Any CPU.ActiveCfg = Debug|Any CPU
		{728EE938-9C7B-4A95-83AD-544688DC5712}.Debug|Any CPU.Build.0 = Debug|Any CPU
		{728EE938-9C7B-4A95-83AD-544688DC5712}.Release|Any CPU.ActiveCfg = Release|Any CPU
		{728EE938-9C7B-4A95-83AD-544688DC5712}.Release|Any CPU.Build.0 = Release|Any CPU
		{4D1EC2EB-C6F7-42AB-AC9F-5C60EC7E1001}.Debug|Any CPU.ActiveCfg = Debug|Any CPU
		{4D1EC2EB-C6F7-42AB-AC9F-5C60EC7E1001}.Debug|Any CPU.Build.0 = Debug|Any CPU
		{4D1EC2EB-C6F7-42AB-AC9F-5C60EC7E1001}.Release|Any CPU.ActiveCfg = Release|Any CPU
		{4D1EC2EB-C6F7-42AB-AC9F-5C60EC7E1001}.Release|Any CPU.Build.0 = Release|Any CPU
		{27F6CCE2-563B-4BB3-B708-1B8F35E94E5A}.Debug|Any CPU.ActiveCfg = Debug|Any CPU
		{27F6CCE2-563B-4BB3-B708-1B8F35E94E5A}.Debug|Any CPU.Build.0 = Debug|Any CPU
		{27F6CCE2-563B-4BB3-B708-1B8F35E94E5A}.Release|Any CPU.ActiveCfg = Release|Any CPU
		{27F6CCE2-563B-4BB3-B708-1B8F35E94E5A}.Release|Any CPU.Build.0 = Release|Any CPU
		{7970D87C-0EC0-4C78-AD34-0A38243CDE7B}.Debug|Any CPU.ActiveCfg = Debug|Any CPU
		{7970D87C-0EC0-4C78-AD34-0A38243CDE7B}.Debug|Any CPU.Build.0 = Debug|Any CPU
		{7970D87C-0EC0-4C78-AD34-0A38243CDE7B}.Release|Any CPU.ActiveCfg = Release|Any CPU
		{7970D87C-0EC0-4C78-AD34-0A38243CDE7B}.Release|Any CPU.Build.0 = Release|Any CPU
		{6D3AA6B3-4183-482C-B009-F1F5E1655734}.Debug|Any CPU.ActiveCfg = Debug|Any CPU
		{6D3AA6B3-4183-482C-B009-F1F5E1655734}.Debug|Any CPU.Build.0 = Debug|Any CPU
		{6D3AA6B3-4183-482C-B009-F1F5E1655734}.Release|Any CPU.ActiveCfg = Release|Any CPU
		{6D3AA6B3-4183-482C-B009-F1F5E1655734}.Release|Any CPU.Build.0 = Release|Any CPU
		{94D1B670-D3F5-4608-80AA-27F30F706100}.Debug|Any CPU.ActiveCfg = Debug|Any CPU
		{94D1B670-D3F5-4608-80AA-27F30F706100}.Debug|Any CPU.Build.0 = Debug|Any CPU
		{94D1B670-D3F5-4608-80AA-27F30F706100}.Release|Any CPU.ActiveCfg = Release|Any CPU
		{94D1B670-D3F5-4608-80AA-27F30F706100}.Release|Any CPU.Build.0 = Release|Any CPU
		{E2352D12-0103-4B62-9A1B-D33C519E357A}.Debug|Any CPU.ActiveCfg = Debug|Any CPU
		{E2352D12-0103-4B62-9A1B-D33C519E357A}.Debug|Any CPU.Build.0 = Debug|Any CPU
		{E2352D12-0103-4B62-9A1B-D33C519E357A}.Release|Any CPU.ActiveCfg = Release|Any CPU
		{E2352D12-0103-4B62-9A1B-D33C519E357A}.Release|Any CPU.Build.0 = Release|Any CPU
		{9F6F3517-F02B-4435-B5C7-565683351039}.Debug|Any CPU.ActiveCfg = Debug|Any CPU
		{9F6F3517-F02B-4435-B5C7-565683351039}.Debug|Any CPU.Build.0 = Debug|Any CPU
		{9F6F3517-F02B-4435-B5C7-565683351039}.Release|Any CPU.ActiveCfg = Release|Any CPU
		{9F6F3517-F02B-4435-B5C7-565683351039}.Release|Any CPU.Build.0 = Release|Any CPU
		{83422E60-5CAD-408B-827A-6309264BED1A}.Debug|Any CPU.ActiveCfg = Debug|Any CPU
		{83422E60-5CAD-408B-827A-6309264BED1A}.Debug|Any CPU.Build.0 = Debug|Any CPU
		{83422E60-5CAD-408B-827A-6309264BED1A}.Release|Any CPU.ActiveCfg = Release|Any CPU
		{83422E60-5CAD-408B-827A-6309264BED1A}.Release|Any CPU.Build.0 = Release|Any CPU
		{5FA31098-9203-446F-81EA-54C36F14552F}.Debug|Any CPU.ActiveCfg = Debug|Any CPU
		{5FA31098-9203-446F-81EA-54C36F14552F}.Debug|Any CPU.Build.0 = Debug|Any CPU
		{5FA31098-9203-446F-81EA-54C36F14552F}.Release|Any CPU.ActiveCfg = Release|Any CPU
		{5FA31098-9203-446F-81EA-54C36F14552F}.Release|Any CPU.Build.0 = Release|Any CPU
	EndGlobalSection
	GlobalSection(SolutionProperties) = preSolution
		HideSolutionNode = FALSE
	EndGlobalSection
	GlobalSection(NestedProjects) = preSolution
		{D1B7EF91-8DFB-4A84-9683-28AF618EF6F3} = {46859A8F-F001-48CC-AE34-AF9A06D9A867}
		{04449BA5-D253-4349-BF87-71B9533C0789} = {2FB75712-9D60-4139-B36F-317A2A065E43}
		{2FB75712-9D60-4139-B36F-317A2A065E43} = {F483C13B-D694-4B8B-B65C-4ACC1C55D8E3}
		{46859A8F-F001-48CC-AE34-AF9A06D9A867} = {F483C13B-D694-4B8B-B65C-4ACC1C55D8E3}
		{06DE98B9-8E9D-419A-8174-31AB9010A22C} = {F483C13B-D694-4B8B-B65C-4ACC1C55D8E3}
		{8517279B-C059-44EA-81DC-74E977394CB8} = {06DE98B9-8E9D-419A-8174-31AB9010A22C}
		{86B38714-E6D9-45BB-B877-4FE2F9A85690} = {06DE98B9-8E9D-419A-8174-31AB9010A22C}
		{352A3BB2-D1AB-48AD-97A8-E86E87440CBB} = {8517279B-C059-44EA-81DC-74E977394CB8}
		{1AED1FC4-59CD-4E01-B326-7B798207B876} = {379D7EF6-714A-42D0-B678-98FAA2053C11}
		{CDB3933C-C703-4466-95B6-71A1E669B4DC} = {379D7EF6-714A-42D0-B678-98FAA2053C11}
		{E70B4BE3-48D1-4289-B67D-478885D8BF01} = {379D7EF6-714A-42D0-B678-98FAA2053C11}
		{C9F12410-408C-42E8-8E4B-92F4B37C57A5} = {E70B4BE3-48D1-4289-B67D-478885D8BF01}
		{3003F4B4-9A78-4588-9CA4-FB9360572513} = {E70B4BE3-48D1-4289-B67D-478885D8BF01}
		{D17574C8-5F29-4D3E-8440-7C8233916DF3} = {C9F12410-408C-42E8-8E4B-92F4B37C57A5}
		{F864E418-C8EA-4CBD-BC50-D47980B5379D} = {D17574C8-5F29-4D3E-8440-7C8233916DF3}
		{63D9B33F-C1D1-4E74-8628-C25DF2366F5C} = {D17574C8-5F29-4D3E-8440-7C8233916DF3}
		{0297F111-10AF-4863-AB3F-630D91FE8B1A} = {E70B4BE3-48D1-4289-B67D-478885D8BF01}
		{728EE938-9C7B-4A95-83AD-544688DC5712} = {3003F4B4-9A78-4588-9CA4-FB9360572513}
		{4D1EC2EB-C6F7-42AB-AC9F-5C60EC7E1001} = {86B38714-E6D9-45BB-B877-4FE2F9A85690}
		{27F6CCE2-563B-4BB3-B708-1B8F35E94E5A} = {352A3BB2-D1AB-48AD-97A8-E86E87440CBB}
		{7970D87C-0EC0-4C78-AD34-0A38243CDE7B} = {352A3BB2-D1AB-48AD-97A8-E86E87440CBB}
		{6D3AA6B3-4183-482C-B009-F1F5E1655734} = {86B38714-E6D9-45BB-B877-4FE2F9A85690}
		{94D1B670-D3F5-4608-80AA-27F30F706100} = {1AED1FC4-59CD-4E01-B326-7B798207B876}
		{E2352D12-0103-4B62-9A1B-D33C519E357A} = {CDB3933C-C703-4466-95B6-71A1E669B4DC}
		{9F6F3517-F02B-4435-B5C7-565683351039} = {8517279B-C059-44EA-81DC-74E977394CB8}
		{83422E60-5CAD-408B-827A-6309264BED1A} = {C9F12410-408C-42E8-8E4B-92F4B37C57A5}
		{5FA31098-9203-446F-81EA-54C36F14552F} = {3003F4B4-9A78-4588-9CA4-FB9360572513}
	EndGlobalSection
	GlobalSection(ExtensibilityGlobals) = postSolution
		SolutionGuid = {E5D586E7-8E97-4286-8A40-46521AF91443}
	EndGlobalSection
EndGlobal
